
Microsoft Visual Studio Solution File, Format Version 12.00
# Visual Studio 15
VisualStudioVersion = 15.0.28010.2016
MinimumVisualStudioVersion = 10.0.40219.1
Project("{FAE04EC0-301F-11D3-BF4B-00C04F79EFBC}") = "LoginScripter.Sandbox", "LoginScripter.Sandbox\LoginScripter.Sandbox.csproj", "{736D1710-4F6F-417E-ABC9-0195D3446B00}"
EndProject
Project("{FAE04EC0-301F-11D3-BF4B-00C04F79EFBC}") = "LoginScripter.Lib", "LoginScripter.Lib\LoginScripter.Lib.csproj", "{FFAC3A66-5819-46FE-AB71-59F4213092A7}"
EndProject
Global
	GlobalSection(SolutionConfigurationPlatforms) = preSolution
		Debug|Any CPU = Debug|Any CPU
		Release|Any CPU = Release|Any CPU
	EndGlobalSection
	GlobalSection(ProjectConfigurationPlatforms) = postSolution
		{736D1710-4F6F-417E-ABC9-0195D3446B00}.Debug|Any CPU.ActiveCfg = Debug|Any CPU
		{736D1710-4F6F-417E-ABC9-0195D3446B00}.Debug|Any CPU.Build.0 = Debug|Any CPU
		{736D1710-4F6F-417E-ABC9-0195D3446B00}.Release|Any CPU.ActiveCfg = Release|Any CPU
		{736D1710-4F6F-417E-ABC9-0195D3446B00}.Release|Any CPU.Build.0 = Release|Any CPU
		{FFAC3A66-5819-46FE-AB71-59F4213092A7}.Debug|Any CPU.ActiveCfg = Debug|Any CPU
		{FFAC3A66-5819-46FE-AB71-59F4213092A7}.Debug|Any CPU.Build.0 = Debug|Any CPU
		{FFAC3A66-5819-46FE-AB71-59F4213092A7}.Release|Any CPU.ActiveCfg = Release|Any CPU
		{FFAC3A66-5819-46FE-AB71-59F4213092A7}.Release|Any CPU.Build.0 = Release|Any CPU
	EndGlobalSection
	GlobalSection(SolutionProperties) = preSolution
		HideSolutionNode = FALSE
	EndGlobalSection
	GlobalSection(ExtensibilityGlobals) = postSolution
		SolutionGuid = {64CEC350-3581-437C-AD32-DED06139B687}
	EndGlobalSection
EndGlobal
