
Microsoft Visual Studio Solution File, Format Version 12.00
# Visual Studio 15
VisualStudioVersion = 15.0.28010.2016
MinimumVisualStudioVersion = 10.0.40219.1
Project("{FAE04EC0-301F-11D3-BF4B-00C04F79EFBC}") = "LoginScripter.Lib", "LoginScripter.Lib\LoginScripter.Lib.csproj", "{FFAC3A66-5819-46FE-AB71-59F4213092A7}"
EndProject
Project("{FAE04EC0-301F-11D3-BF4B-00C04F79EFBC}") = "LoginScripter.WPF", "LoginScripter.WPF\LoginScripter.WPF.csproj", "{353FE5BC-1C9B-4692-8D1D-BB9960018E8E}"
EndProject
Global
	GlobalSection(SolutionConfigurationPlatforms) = preSolution
		Debug|Any CPU = Debug|Any CPU
		Release|Any CPU = Release|Any CPU
	EndGlobalSection
	GlobalSection(ProjectConfigurationPlatforms) = postSolution
		{FFAC3A66-5819-46FE-AB71-59F4213092A7}.Debug|Any CPU.ActiveCfg = Debug|Any CPU
		{FFAC3A66-5819-46FE-AB71-59F4213092A7}.Debug|Any CPU.Build.0 = Debug|Any CPU
		{FFAC3A66-5819-46FE-AB71-59F4213092A7}.Release|Any CPU.ActiveCfg = Release|Any CPU
		{FFAC3A66-5819-46FE-AB71-59F4213092A7}.Release|Any CPU.Build.0 = Release|Any CPU
		{353FE5BC-1C9B-4692-8D1D-BB9960018E8E}.Debug|Any CPU.ActiveCfg = Debug|Any CPU
		{353FE5BC-1C9B-4692-8D1D-BB9960018E8E}.Debug|Any CPU.Build.0 = Debug|Any CPU
		{353FE5BC-1C9B-4692-8D1D-BB9960018E8E}.Release|Any CPU.ActiveCfg = Release|Any CPU
		{353FE5BC-1C9B-4692-8D1D-BB9960018E8E}.Release|Any CPU.Build.0 = Release|Any CPU
	EndGlobalSection
	GlobalSection(SolutionProperties) = preSolution
		HideSolutionNode = FALSE
	EndGlobalSection
	GlobalSection(ExtensibilityGlobals) = postSolution
		SolutionGuid = {64CEC350-3581-437C-AD32-DED06139B687}
	EndGlobalSection
EndGlobal
